// !$*UTF8*$!
{
	archiveVersion = 1;
	classes = {
	};
	objectVersion = 56;
	objects = {

/* Begin PBXBuildFile section */
		030828622B3C9311008D7DF3 /* ContentView.swift in Sources */ = {isa = PBXBuildFile; fileRef = 030828612B3C9311008D7DF3 /* ContentView.swift */; };
		030828642B3C9313008D7DF3 /* Assets.xcassets in Resources */ = {isa = PBXBuildFile; fileRef = 030828632B3C9313008D7DF3 /* Assets.xcassets */; };
		030828672B3C9313008D7DF3 /* Preview Assets.xcassets in Resources */ = {isa = PBXBuildFile; fileRef = 030828662B3C9313008D7DF3 /* Preview Assets.xcassets */; };
		030828722B3C9313008D7DF3 /* mouseRecordTests.swift in Sources */ = {isa = PBXBuildFile; fileRef = 030828712B3C9313008D7DF3 /* mouseRecordTests.swift */; };
		0308287C2B3C9313008D7DF3 /* mouseRecordUITests.swift in Sources */ = {isa = PBXBuildFile; fileRef = 0308287B2B3C9313008D7DF3 /* mouseRecordUITests.swift */; };
		0308287E2B3C9313008D7DF3 /* mouseRecordUITestsLaunchTests.swift in Sources */ = {isa = PBXBuildFile; fileRef = 0308287D2B3C9313008D7DF3 /* mouseRecordUITestsLaunchTests.swift */; };
		0308288D2B3C95B9008D7DF3 /* RecordedMousePosition.swift in Sources */ = {isa = PBXBuildFile; fileRef = 0308288C2B3C95B9008D7DF3 /* RecordedMousePosition.swift */; };
		0308288F2B3C966D008D7DF3 /* MousePositions_20231228_012753.json in Resources */ = {isa = PBXBuildFile; fileRef = 0308288E2B3C966D008D7DF3 /* MousePositions_20231228_012753.json */; };
		030828932B3CB58E008D7DF3 /* ContentViewModel.swift in Sources */ = {isa = PBXBuildFile; fileRef = 030828922B3CB58E008D7DF3 /* ContentViewModel.swift */; };
		030828952B3CB7AE008D7DF3 /* AppDelegate.swift in Sources */ = {isa = PBXBuildFile; fileRef = 030828942B3CB7AE008D7DF3 /* AppDelegate.swift */; };
		030828992B3D5FF7008D7DF3 /* a.swift in Sources */ = {isa = PBXBuildFile; fileRef = 030828982B3D5FF7008D7DF3 /* a.swift */; };
		030828D42B3D6DB7008D7DF3 /* main.swift in Sources */ = {isa = PBXBuildFile; fileRef = 030828D32B3D6DB7008D7DF3 /* main.swift */; };
		030828D62B3D6F35008D7DF3 /* ViewController.swift in Sources */ = {isa = PBXBuildFile; fileRef = 030828D52B3D6F35008D7DF3 /* ViewController.swift */; };
/* End PBXBuildFile section */

/* Begin PBXContainerItemProxy section */
		0308286E2B3C9313008D7DF3 /* PBXContainerItemProxy */ = {
			isa = PBXContainerItemProxy;
			containerPortal = 030828542B3C9311008D7DF3 /* Project object */;
			proxyType = 1;
			remoteGlobalIDString = 0308285B2B3C9311008D7DF3;
			remoteInfo = mouseRecord;
		};
		030828782B3C9313008D7DF3 /* PBXContainerItemProxy */ = {
			isa = PBXContainerItemProxy;
			containerPortal = 030828542B3C9311008D7DF3 /* Project object */;
			proxyType = 1;
			remoteGlobalIDString = 0308285B2B3C9311008D7DF3;
			remoteInfo = mouseRecord;
		};
/* End PBXContainerItemProxy section */

/* Begin PBXFileReference section */
		0308285C2B3C9311008D7DF3 /* mouseRecord.app */ = {isa = PBXFileReference; explicitFileType = wrapper.application; includeInIndex = 0; path = mouseRecord.app; sourceTree = BUILT_PRODUCTS_DIR; };
		030828612B3C9311008D7DF3 /* ContentView.swift */ = {isa = PBXFileReference; lastKnownFileType = sourcecode.swift; path = ContentView.swift; sourceTree = "<group>"; };
		030828632B3C9313008D7DF3 /* Assets.xcassets */ = {isa = PBXFileReference; lastKnownFileType = folder.assetcatalog; path = Assets.xcassets; sourceTree = "<group>"; };
		030828662B3C9313008D7DF3 /* Preview Assets.xcassets */ = {isa = PBXFileReference; lastKnownFileType = folder.assetcatalog; path = "Preview Assets.xcassets"; sourceTree = "<group>"; };
		030828682B3C9313008D7DF3 /* mouseRecord.entitlements */ = {isa = PBXFileReference; lastKnownFileType = text.plist.entitlements; path = mouseRecord.entitlements; sourceTree = "<group>"; };
		0308286D2B3C9313008D7DF3 /* mouseRecordTests.xctest */ = {isa = PBXFileReference; explicitFileType = wrapper.cfbundle; includeInIndex = 0; path = mouseRecordTests.xctest; sourceTree = BUILT_PRODUCTS_DIR; };
		030828712B3C9313008D7DF3 /* mouseRecordTests.swift */ = {isa = PBXFileReference; lastKnownFileType = sourcecode.swift; path = mouseRecordTests.swift; sourceTree = "<group>"; };
		030828772B3C9313008D7DF3 /* mouseRecordUITests.xctest */ = {isa = PBXFileReference; explicitFileType = wrapper.cfbundle; includeInIndex = 0; path = mouseRecordUITests.xctest; sourceTree = BUILT_PRODUCTS_DIR; };
		0308287B2B3C9313008D7DF3 /* mouseRecordUITests.swift */ = {isa = PBXFileReference; lastKnownFileType = sourcecode.swift; path = mouseRecordUITests.swift; sourceTree = "<group>"; };
		0308287D2B3C9313008D7DF3 /* mouseRecordUITestsLaunchTests.swift */ = {isa = PBXFileReference; lastKnownFileType = sourcecode.swift; path = mouseRecordUITestsLaunchTests.swift; sourceTree = "<group>"; };
		0308288C2B3C95B9008D7DF3 /* RecordedMousePosition.swift */ = {isa = PBXFileReference; lastKnownFileType = sourcecode.swift; path = RecordedMousePosition.swift; sourceTree = "<group>"; };
		0308288E2B3C966D008D7DF3 /* MousePositions_20231228_012753.json */ = {isa = PBXFileReference; fileEncoding = 4; lastKnownFileType = text.json; path = MousePositions_20231228_012753.json; sourceTree = "<group>"; };
		030828922B3CB58E008D7DF3 /* ContentViewModel.swift */ = {isa = PBXFileReference; lastKnownFileType = sourcecode.swift; path = ContentViewModel.swift; sourceTree = "<group>"; };
		030828942B3CB7AE008D7DF3 /* AppDelegate.swift */ = {isa = PBXFileReference; lastKnownFileType = sourcecode.swift; path = AppDelegate.swift; sourceTree = "<group>"; };
		030828982B3D5FF7008D7DF3 /* a.swift */ = {isa = PBXFileReference; lastKnownFileType = sourcecode.swift; path = a.swift; sourceTree = "<group>"; };
		030828D32B3D6DB7008D7DF3 /* main.swift */ = {isa = PBXFileReference; lastKnownFileType = sourcecode.swift; path = main.swift; sourceTree = "<group>"; };
		030828D52B3D6F35008D7DF3 /* ViewController.swift */ = {isa = PBXFileReference; lastKnownFileType = sourcecode.swift; path = ViewController.swift; sourceTree = "<group>"; };
/* End PBXFileReference section */

/* Begin PBXFrameworksBuildPhase section */
		030828592B3C9311008D7DF3 /* Frameworks */ = {
			isa = PBXFrameworksBuildPhase;
			buildActionMask = 2147483647;
			files = (
			);
			runOnlyForDeploymentPostprocessing = 0;
		};
		0308286A2B3C9313008D7DF3 /* Frameworks */ = {
			isa = PBXFrameworksBuildPhase;
			buildActionMask = 2147483647;
			files = (
			);
			runOnlyForDeploymentPostprocessing = 0;
		};
		030828742B3C9313008D7DF3 /* Frameworks */ = {
			isa = PBXFrameworksBuildPhase;
			buildActionMask = 2147483647;
			files = (
			);
			runOnlyForDeploymentPostprocessing = 0;
		};
/* End PBXFrameworksBuildPhase section */

/* Begin PBXGroup section */
		030828532B3C9311008D7DF3 = {
			isa = PBXGroup;
			children = (
				0308285E2B3C9311008D7DF3 /* mouseRecord */,
				030828702B3C9313008D7DF3 /* mouseRecordTests */,
				0308287A2B3C9313008D7DF3 /* mouseRecordUITests */,
				0308285D2B3C9311008D7DF3 /* Products */,
			);
			sourceTree = "<group>";
		};
		0308285D2B3C9311008D7DF3 /* Products */ = {
			isa = PBXGroup;
			children = (
				0308285C2B3C9311008D7DF3 /* mouseRecord.app */,
				0308286D2B3C9313008D7DF3 /* mouseRecordTests.xctest */,
				030828772B3C9313008D7DF3 /* mouseRecordUITests.xctest */,
			);
			name = Products;
			sourceTree = "<group>";
		};
		0308285E2B3C9311008D7DF3 /* mouseRecord */ = {
			isa = PBXGroup;
			children = (
				030828D32B3D6DB7008D7DF3 /* main.swift */,
				030828982B3D5FF7008D7DF3 /* a.swift */,
				030828942B3CB7AE008D7DF3 /* AppDelegate.swift */,
				030828D52B3D6F35008D7DF3 /* ViewController.swift */,
				030828612B3C9311008D7DF3 /* ContentView.swift */,
				030828922B3CB58E008D7DF3 /* ContentViewModel.swift */,
				0308288C2B3C95B9008D7DF3 /* RecordedMousePosition.swift */,
				0308288E2B3C966D008D7DF3 /* MousePositions_20231228_012753.json */,
				030828632B3C9313008D7DF3 /* Assets.xcassets */,
				030828682B3C9313008D7DF3 /* mouseRecord.entitlements */,
				030828652B3C9313008D7DF3 /* Preview Content */,
			);
			path = mouseRecord;
			sourceTree = "<group>";
		};
		030828652B3C9313008D7DF3 /* Preview Content */ = {
			isa = PBXGroup;
			children = (
				030828662B3C9313008D7DF3 /* Preview Assets.xcassets */,
			);
			path = "Preview Content";
			sourceTree = "<group>";
		};
		030828702B3C9313008D7DF3 /* mouseRecordTests */ = {
			isa = PBXGroup;
			children = (
				030828712B3C9313008D7DF3 /* mouseRecordTests.swift */,
			);
			path = mouseRecordTests;
			sourceTree = "<group>";
		};
		0308287A2B3C9313008D7DF3 /* mouseRecordUITests */ = {
			isa = PBXGroup;
			children = (
				0308287B2B3C9313008D7DF3 /* mouseRecordUITests.swift */,
				0308287D2B3C9313008D7DF3 /* mouseRecordUITestsLaunchTests.swift */,
			);
			path = mouseRecordUITests;
			sourceTree = "<group>";
		};
/* End PBXGroup section */

/* Begin PBXNativeTarget section */
		0308285B2B3C9311008D7DF3 /* mouseRecord */ = {
			isa = PBXNativeTarget;
			buildConfigurationList = 030828812B3C9313008D7DF3 /* Build configuration list for PBXNativeTarget "mouseRecord" */;
			buildPhases = (
				030828582B3C9311008D7DF3 /* Sources */,
				030828592B3C9311008D7DF3 /* Frameworks */,
				0308285A2B3C9311008D7DF3 /* Resources */,
			);
			buildRules = (
			);
			dependencies = (
			);
			name = mouseRecord;
			productName = mouseRecord;
			productReference = 0308285C2B3C9311008D7DF3 /* mouseRecord.app */;
			productType = "com.apple.product-type.application";
		};
		0308286C2B3C9313008D7DF3 /* mouseRecordTests */ = {
			isa = PBXNativeTarget;
			buildConfigurationList = 030828842B3C9313008D7DF3 /* Build configuration list for PBXNativeTarget "mouseRecordTests" */;
			buildPhases = (
				030828692B3C9313008D7DF3 /* Sources */,
				0308286A2B3C9313008D7DF3 /* Frameworks */,
				0308286B2B3C9313008D7DF3 /* Resources */,
			);
			buildRules = (
			);
			dependencies = (
				0308286F2B3C9313008D7DF3 /* PBXTargetDependency */,
			);
			name = mouseRecordTests;
			productName = mouseRecordTests;
			productReference = 0308286D2B3C9313008D7DF3 /* mouseRecordTests.xctest */;
			productType = "com.apple.product-type.bundle.unit-test";
		};
		030828762B3C9313008D7DF3 /* mouseRecordUITests */ = {
			isa = PBXNativeTarget;
			buildConfigurationList = 030828872B3C9313008D7DF3 /* Build configuration list for PBXNativeTarget "mouseRecordUITests" */;
			buildPhases = (
				030828732B3C9313008D7DF3 /* Sources */,
				030828742B3C9313008D7DF3 /* Frameworks */,
				030828752B3C9313008D7DF3 /* Resources */,
			);
			buildRules = (
			);
			dependencies = (
				030828792B3C9313008D7DF3 /* PBXTargetDependency */,
			);
			name = mouseRecordUITests;
			productName = mouseRecordUITests;
			productReference = 030828772B3C9313008D7DF3 /* mouseRecordUITests.xctest */;
			productType = "com.apple.product-type.bundle.ui-testing";
		};
/* End PBXNativeTarget section */

/* Begin PBXProject section */
		030828542B3C9311008D7DF3 /* Project object */ = {
			isa = PBXProject;
			attributes = {
				BuildIndependentTargetsInParallel = 1;
				LastSwiftUpdateCheck = 1500;
				LastUpgradeCheck = 1500;
				TargetAttributes = {
					0308285B2B3C9311008D7DF3 = {
						CreatedOnToolsVersion = 15.0;
					};
					0308286C2B3C9313008D7DF3 = {
						CreatedOnToolsVersion = 15.0;
						TestTargetID = 0308285B2B3C9311008D7DF3;
					};
					030828762B3C9313008D7DF3 = {
						CreatedOnToolsVersion = 15.0;
						TestTargetID = 0308285B2B3C9311008D7DF3;
					};
				};
			};
			buildConfigurationList = 030828572B3C9311008D7DF3 /* Build configuration list for PBXProject "mouseRecord" */;
			compatibilityVersion = "Xcode 14.0";
			developmentRegion = en;
			hasScannedForEncodings = 0;
			knownRegions = (
				en,
				Base,
			);
			mainGroup = 030828532B3C9311008D7DF3;
			productRefGroup = 0308285D2B3C9311008D7DF3 /* Products */;
			projectDirPath = "";
			projectRoot = "";
			targets = (
				0308285B2B3C9311008D7DF3 /* mouseRecord */,
				0308286C2B3C9313008D7DF3 /* mouseRecordTests */,
				030828762B3C9313008D7DF3 /* mouseRecordUITests */,
			);
		};
/* End PBXProject section */

/* Begin PBXResourcesBuildPhase section */
		0308285A2B3C9311008D7DF3 /* Resources */ = {
			isa = PBXResourcesBuildPhase;
			buildActionMask = 2147483647;
			files = (
				030828672B3C9313008D7DF3 /* Preview Assets.xcassets in Resources */,
				030828642B3C9313008D7DF3 /* Assets.xcassets in Resources */,
				0308288F2B3C966D008D7DF3 /* MousePositions_20231228_012753.json in Resources */,
			);
			runOnlyForDeploymentPostprocessing = 0;
		};
		0308286B2B3C9313008D7DF3 /* Resources */ = {
			isa = PBXResourcesBuildPhase;
			buildActionMask = 2147483647;
			files = (
			);
			runOnlyForDeploymentPostprocessing = 0;
		};
		030828752B3C9313008D7DF3 /* Resources */ = {
			isa = PBXResourcesBuildPhase;
			buildActionMask = 2147483647;
			files = (
			);
			runOnlyForDeploymentPostprocessing = 0;
		};
/* End PBXResourcesBuildPhase section */

/* Begin PBXSourcesBuildPhase section */
		030828582B3C9311008D7DF3 /* Sources */ = {
			isa = PBXSourcesBuildPhase;
			buildActionMask = 2147483647;
			files = (
				0308288D2B3C95B9008D7DF3 /* RecordedMousePosition.swift in Sources */,
				030828622B3C9311008D7DF3 /* ContentView.swift in Sources */,
				030828D42B3D6DB7008D7DF3 /* main.swift in Sources */,
				030828992B3D5FF7008D7DF3 /* a.swift in Sources */,
				030828952B3CB7AE008D7DF3 /* AppDelegate.swift in Sources */,
				030828D62B3D6F35008D7DF3 /* ViewController.swift in Sources */,
				030828932B3CB58E008D7DF3 /* ContentViewModel.swift in Sources */,
			);
			runOnlyForDeploymentPostprocessing = 0;
		};
		030828692B3C9313008D7DF3 /* Sources */ = {
			isa = PBXSourcesBuildPhase;
			buildActionMask = 2147483647;
			files = (
				030828722B3C9313008D7DF3 /* mouseRecordTests.swift in Sources */,
			);
			runOnlyForDeploymentPostprocessing = 0;
		};
		030828732B3C9313008D7DF3 /* Sources */ = {
			isa = PBXSourcesBuildPhase;
			buildActionMask = 2147483647;
			files = (
				0308287C2B3C9313008D7DF3 /* mouseRecordUITests.swift in Sources */,
				0308287E2B3C9313008D7DF3 /* mouseRecordUITestsLaunchTests.swift in Sources */,
			);
			runOnlyForDeploymentPostprocessing = 0;
		};
/* End PBXSourcesBuildPhase section */

/* Begin PBXTargetDependency section */
		0308286F2B3C9313008D7DF3 /* PBXTargetDependency */ = {
			isa = PBXTargetDependency;
			target = 0308285B2B3C9311008D7DF3 /* mouseRecord */;
			targetProxy = 0308286E2B3C9313008D7DF3 /* PBXContainerItemProxy */;
		};
		030828792B3C9313008D7DF3 /* PBXTargetDependency */ = {
			isa = PBXTargetDependency;
			target = 0308285B2B3C9311008D7DF3 /* mouseRecord */;
			targetProxy = 030828782B3C9313008D7DF3 /* PBXContainerItemProxy */;
		};
/* End PBXTargetDependency section */

/* Begin XCBuildConfiguration section */
		0308287F2B3C9313008D7DF3 /* Debug */ = {
			isa = XCBuildConfiguration;
			buildSettings = {
				ALWAYS_SEARCH_USER_PATHS = NO;
				ASSETCATALOG_COMPILER_GENERATE_SWIFT_ASSET_SYMBOL_EXTENSIONS = YES;
				CLANG_ANALYZER_NONNULL = YES;
				CLANG_ANALYZER_NUMBER_OBJECT_CONVERSION = YES_AGGRESSIVE;
				CLANG_CXX_LANGUAGE_STANDARD = "gnu++20";
				CLANG_ENABLE_MODULES = YES;
				CLANG_ENABLE_OBJC_ARC = YES;
				CLANG_ENABLE_OBJC_WEAK = YES;
				CLANG_WARN_BLOCK_CAPTURE_AUTORELEASING = YES;
				CLANG_WARN_BOOL_CONVERSION = YES;
				CLANG_WARN_COMMA = YES;
				CLANG_WARN_CONSTANT_CONVERSION = YES;
				CLANG_WARN_DEPRECATED_OBJC_IMPLEMENTATIONS = YES;
				CLANG_WARN_DIRECT_OBJC_ISA_USAGE = YES_ERROR;
				CLANG_WARN_DOCUMENTATION_COMMENTS = YES;
				CLANG_WARN_EMPTY_BODY = YES;
				CLANG_WARN_ENUM_CONVERSION = YES;
				CLANG_WARN_INFINITE_RECURSION = YES;
				CLANG_WARN_INT_CONVERSION = YES;
				CLANG_WARN_NON_LITERAL_NULL_CONVERSION = YES;
				CLANG_WARN_OBJC_IMPLICIT_RETAIN_SELF = YES;
				CLANG_WARN_OBJC_LITERAL_CONVERSION = YES;
				CLANG_WARN_OBJC_ROOT_CLASS = YES_ERROR;
				CLANG_WARN_QUOTED_INCLUDE_IN_FRAMEWORK_HEADER = YES;
				CLANG_WARN_RANGE_LOOP_ANALYSIS = YES;
				CLANG_WARN_STRICT_PROTOTYPES = YES;
				CLANG_WARN_SUSPICIOUS_MOVE = YES;
				CLANG_WARN_UNGUARDED_AVAILABILITY = YES_AGGRESSIVE;
				CLANG_WARN_UNREACHABLE_CODE = YES;
				CLANG_WARN__DUPLICATE_METHOD_MATCH = YES;
				COPY_PHASE_STRIP = NO;
				DEBUG_INFORMATION_FORMAT = dwarf;
				ENABLE_STRICT_OBJC_MSGSEND = YES;
				ENABLE_TESTABILITY = YES;
				ENABLE_USER_SCRIPT_SANDBOXING = YES;
				GCC_C_LANGUAGE_STANDARD = gnu17;
				GCC_DYNAMIC_NO_PIC = NO;
				GCC_NO_COMMON_BLOCKS = YES;
				GCC_OPTIMIZATION_LEVEL = 0;
				GCC_PREPROCESSOR_DEFINITIONS = (
					"DEBUG=1",
					"$(inherited)",
				);
				GCC_WARN_64_TO_32_BIT_CONVERSION = YES;
				GCC_WARN_ABOUT_RETURN_TYPE = YES_ERROR;
				GCC_WARN_UNDECLARED_SELECTOR = YES;
				GCC_WARN_UNINITIALIZED_AUTOS = YES_AGGRESSIVE;
				GCC_WARN_UNUSED_FUNCTION = YES;
				GCC_WARN_UNUSED_VARIABLE = YES;
				LOCALIZATION_PREFERS_STRING_CATALOGS = YES;
				MACOSX_DEPLOYMENT_TARGET = 14.0;
				MTL_ENABLE_DEBUG_INFO = INCLUDE_SOURCE;
				MTL_FAST_MATH = YES;
				ONLY_ACTIVE_ARCH = YES;
				SDKROOT = macosx;
				SWIFT_ACTIVE_COMPILATION_CONDITIONS = "DEBUG $(inherited)";
				SWIFT_OPTIMIZATION_LEVEL = "-Onone";
			};
			name = Debug;
		};
		030828802B3C9313008D7DF3 /* Release */ = {
			isa = XCBuildConfiguration;
			buildSettings = {
				ALWAYS_SEARCH_USER_PATHS = NO;
				ASSETCATALOG_COMPILER_GENERATE_SWIFT_ASSET_SYMBOL_EXTENSIONS = YES;
				CLANG_ANALYZER_NONNULL = YES;
				CLANG_ANALYZER_NUMBER_OBJECT_CONVERSION = YES_AGGRESSIVE;
				CLANG_CXX_LANGUAGE_STANDARD = "gnu++20";
				CLANG_ENABLE_MODULES = YES;
				CLANG_ENABLE_OBJC_ARC = YES;
				CLANG_ENABLE_OBJC_WEAK = YES;
				CLANG_WARN_BLOCK_CAPTURE_AUTORELEASING = YES;
				CLANG_WARN_BOOL_CONVERSION = YES;
				CLANG_WARN_COMMA = YES;
				CLANG_WARN_CONSTANT_CONVERSION = YES;
				CLANG_WARN_DEPRECATED_OBJC_IMPLEMENTATIONS = YES;
				CLANG_WARN_DIRECT_OBJC_ISA_USAGE = YES_ERROR;
				CLANG_WARN_DOCUMENTATION_COMMENTS = YES;
				CLANG_WARN_EMPTY_BODY = YES;
				CLANG_WARN_ENUM_CONVERSION = YES;
				CLANG_WARN_INFINITE_RECURSION = YES;
				CLANG_WARN_INT_CONVERSION = YES;
				CLANG_WARN_NON_LITERAL_NULL_CONVERSION = YES;
				CLANG_WARN_OBJC_IMPLICIT_RETAIN_SELF = YES;
				CLANG_WARN_OBJC_LITERAL_CONVERSION = YES;
				CLANG_WARN_OBJC_ROOT_CLASS = YES_ERROR;
				CLANG_WARN_QUOTED_INCLUDE_IN_FRAMEWORK_HEADER = YES;
				CLANG_WARN_RANGE_LOOP_ANALYSIS = YES;
				CLANG_WARN_STRICT_PROTOTYPES = YES;
				CLANG_WARN_SUSPICIOUS_MOVE = YES;
				CLANG_WARN_UNGUARDED_AVAILABILITY = YES_AGGRESSIVE;
				CLANG_WARN_UNREACHABLE_CODE = YES;
				CLANG_WARN__DUPLICATE_METHOD_MATCH = YES;
				COPY_PHASE_STRIP = NO;
				DEBUG_INFORMATION_FORMAT = "dwarf-with-dsym";
				ENABLE_NS_ASSERTIONS = NO;
				ENABLE_STRICT_OBJC_MSGSEND = YES;
				ENABLE_USER_SCRIPT_SANDBOXING = YES;
				GCC_C_LANGUAGE_STANDARD = gnu17;
				GCC_NO_COMMON_BLOCKS = YES;
				GCC_WARN_64_TO_32_BIT_CONVERSION = YES;
				GCC_WARN_ABOUT_RETURN_TYPE = YES_ERROR;
				GCC_WARN_UNDECLARED_SELECTOR = YES;
				GCC_WARN_UNINITIALIZED_AUTOS = YES_AGGRESSIVE;
				GCC_WARN_UNUSED_FUNCTION = YES;
				GCC_WARN_UNUSED_VARIABLE = YES;
				LOCALIZATION_PREFERS_STRING_CATALOGS = YES;
				MACOSX_DEPLOYMENT_TARGET = 14.0;
				MTL_ENABLE_DEBUG_INFO = NO;
				MTL_FAST_MATH = YES;
				SDKROOT = macosx;
				SWIFT_COMPILATION_MODE = wholemodule;
			};
			name = Release;
		};
		030828822B3C9313008D7DF3 /* Debug */ = {
			isa = XCBuildConfiguration;
			buildSettings = {
				ASSETCATALOG_COMPILER_APPICON_NAME = AppIcon;
				ASSETCATALOG_COMPILER_GLOBAL_ACCENT_COLOR_NAME = AccentColor;
				CODE_SIGN_ENTITLEMENTS = mouseRecord/mouseRecord.entitlements;
				CODE_SIGN_STYLE = Automatic;
				COMBINE_HIDPI_IMAGES = YES;
				CURRENT_PROJECT_VERSION = 1;
				DEVELOPMENT_ASSET_PATHS = "\"mouseRecord/Preview Content\"";
				DEVELOPMENT_TEAM = S4F9X6BC36;
				ENABLE_HARDENED_RUNTIME = YES;
				ENABLE_PREVIEWS = YES;
				GENERATE_INFOPLIST_FILE = YES;
				INFOPLIST_KEY_NSHumanReadableCopyright = "";
				LD_RUNPATH_SEARCH_PATHS = (
					"$(inherited)",
					"@executable_path/../Frameworks",
				);
				MARKETING_VERSION = 1.0;
				PRODUCT_BUNDLE_IDENTIFIER = iris.mouseRecord;
				PRODUCT_NAME = "$(TARGET_NAME)";
				SWIFT_EMIT_LOC_STRINGS = YES;
				SWIFT_VERSION = 5.0;
			};
			name = Debug;
		};
		030828832B3C9313008D7DF3 /* Release */ = {
			isa = XCBuildConfiguration;
			buildSettings = {
				ASSETCATALOG_COMPILER_APPICON_NAME = AppIcon;
				ASSETCATALOG_COMPILER_GLOBAL_ACCENT_COLOR_NAME = AccentColor;
				CODE_SIGN_ENTITLEMENTS = mouseRecord/mouseRecord.entitlements;
				CODE_SIGN_STYLE = Automatic;
				COMBINE_HIDPI_IMAGES = YES;
				CURRENT_PROJECT_VERSION = 1;
				DEVELOPMENT_ASSET_PATHS = "\"mouseRecord/Preview Content\"";
				DEVELOPMENT_TEAM = S4F9X6BC36;
				ENABLE_HARDENED_RUNTIME = YES;
				ENABLE_PREVIEWS = YES;
				GENERATE_INFOPLIST_FILE = YES;
				INFOPLIST_KEY_NSHumanReadableCopyright = "";
				LD_RUNPATH_SEARCH_PATHS = (
					"$(inherited)",
					"@executable_path/../Frameworks",
				);
				MARKETING_VERSION = 1.0;
				PRODUCT_BUNDLE_IDENTIFIER = iris.mouseRecord;
				PRODUCT_NAME = "$(TARGET_NAME)";
				SWIFT_EMIT_LOC_STRINGS = YES;
				SWIFT_VERSION = 5.0;
			};
			name = Release;
		};
		030828852B3C9313008D7DF3 /* Debug */ = {
			isa = XCBuildConfiguration;
			buildSettings = {
				ALWAYS_EMBED_SWIFT_STANDARD_LIBRARIES = YES;
				BUNDLE_LOADER = "$(TEST_HOST)";
				CODE_SIGN_STYLE = Automatic;
				CURRENT_PROJECT_VERSION = 1;
				DEVELOPMENT_TEAM = S4F9X6BC36;
				GENERATE_INFOPLIST_FILE = YES;
				MACOSX_DEPLOYMENT_TARGET = 14.0;
				MARKETING_VERSION = 1.0;
				PRODUCT_BUNDLE_IDENTIFIER = iris.mouseRecordTests;
				PRODUCT_NAME = "$(TARGET_NAME)";
				SWIFT_EMIT_LOC_STRINGS = NO;
				SWIFT_VERSION = 5.0;
				TEST_HOST = "$(BUILT_PRODUCTS_DIR)/mouseRecord.app/$(BUNDLE_EXECUTABLE_FOLDER_PATH)/mouseRecord";
			};
			name = Debug;
		};
		030828862B3C9313008D7DF3 /* Release */ = {
			isa = XCBuildConfiguration;
			buildSettings = {
				ALWAYS_EMBED_SWIFT_STANDARD_LIBRARIES = YES;
				BUNDLE_LOADER = "$(TEST_HOST)";
				CODE_SIGN_STYLE = Automatic;
				CURRENT_PROJECT_VERSION = 1;
				DEVELOPMENT_TEAM = S4F9X6BC36;
				GENERATE_INFOPLIST_FILE = YES;
				MACOSX_DEPLOYMENT_TARGET = 14.0;
				MARKETING_VERSION = 1.0;
				PRODUCT_BUNDLE_IDENTIFIER = iris.mouseRecordTests;
				PRODUCT_NAME = "$(TARGET_NAME)";
				SWIFT_EMIT_LOC_STRINGS = NO;
				SWIFT_VERSION = 5.0;
				TEST_HOST = "$(BUILT_PRODUCTS_DIR)/mouseRecord.app/$(BUNDLE_EXECUTABLE_FOLDER_PATH)/mouseRecord";
			};
			name = Release;
		};
		030828882B3C9313008D7DF3 /* Debug */ = {
			isa = XCBuildConfiguration;
			buildSettings = {
				ALWAYS_EMBED_SWIFT_STANDARD_LIBRARIES = YES;
				CODE_SIGN_STYLE = Automatic;
				CURRENT_PROJECT_VERSION = 1;
				DEVELOPMENT_TEAM = S4F9X6BC36;
				GENERATE_INFOPLIST_FILE = YES;
				MARKETING_VERSION = 1.0;
				PRODUCT_BUNDLE_IDENTIFIER = iris.mouseRecordUITests;
				PRODUCT_NAME = "$(TARGET_NAME)";
				SWIFT_EMIT_LOC_STRINGS = NO;
				SWIFT_VERSION = 5.0;
				TEST_TARGET_NAME = mouseRecord;
			};
			name = Debug;
		};
		030828892B3C9313008D7DF3 /* Release */ = {
			isa = XCBuildConfiguration;
			buildSettings = {
				ALWAYS_EMBED_SWIFT_STANDARD_LIBRARIES = YES;
				CODE_SIGN_STYLE = Automatic;
				CURRENT_PROJECT_VERSION = 1;
				DEVELOPMENT_TEAM = S4F9X6BC36;
				GENERATE_INFOPLIST_FILE = YES;
				MARKETING_VERSION = 1.0;
				PRODUCT_BUNDLE_IDENTIFIER = iris.mouseRecordUITests;
				PRODUCT_NAME = "$(TARGET_NAME)";
				SWIFT_EMIT_LOC_STRINGS = NO;
				SWIFT_VERSION = 5.0;
				TEST_TARGET_NAME = mouseRecord;
			};
			name = Release;
		};
/* End XCBuildConfiguration section */

/* Begin XCConfigurationList section */
		030828572B3C9311008D7DF3 /* Build configuration list for PBXProject "mouseRecord" */ = {
			isa = XCConfigurationList;
			buildConfigurations = (
				0308287F2B3C9313008D7DF3 /* Debug */,
				030828802B3C9313008D7DF3 /* Release */,
			);
			defaultConfigurationIsVisible = 0;
			defaultConfigurationName = Release;
		};
		030828812B3C9313008D7DF3 /* Build configuration list for PBXNativeTarget "mouseRecord" */ = {
			isa = XCConfigurationList;
			buildConfigurations = (
				030828822B3C9313008D7DF3 /* Debug */,
				030828832B3C9313008D7DF3 /* Release */,
			);
			defaultConfigurationIsVisible = 0;
			defaultConfigurationName = Release;
		};
		030828842B3C9313008D7DF3 /* Build configuration list for PBXNativeTarget "mouseRecordTests" */ = {
			isa = XCConfigurationList;
			buildConfigurations = (
				030828852B3C9313008D7DF3 /* Debug */,
				030828862B3C9313008D7DF3 /* Release */,
			);
			defaultConfigurationIsVisible = 0;
			defaultConfigurationName = Release;
		};
		030828872B3C9313008D7DF3 /* Build configuration list for PBXNativeTarget "mouseRecordUITests" */ = {
			isa = XCConfigurationList;
			buildConfigurations = (
				030828882B3C9313008D7DF3 /* Debug */,
				030828892B3C9313008D7DF3 /* Release */,
			);
			defaultConfigurationIsVisible = 0;
			defaultConfigurationName = Release;
		};
/* End XCConfigurationList section */
	};
	rootObject = 030828542B3C9311008D7DF3 /* Project object */;
}
